
Microsoft Visual Studio Solution File, Format Version 12.00
# Visual Studio 14
VisualStudioVersion = 14.0.25420.1
MinimumVisualStudioVersion = 10.0.40219.1
Project("{FAE04EC0-301F-11D3-BF4B-00C04F79EFBC}") = "MVCMusicStore", "MVCMusicStore\MVCMusicStore.csproj", "{BBECC11C-73BF-4104-A8D8-B5564464711F}"
EndProject
Project("{FAE04EC0-301F-11D3-BF4B-00C04F79EFBC}") = "MVCMusicStore.Tests", "MVCMusicStore.Tests\MVCMusicStore.Tests.csproj", "{09E8EF50-3C8B-40B1-A739-A092BD0EEB1A}"
EndProject
Global
	GlobalSection(SolutionConfigurationPlatforms) = preSolution
		Debug|Any CPU = Debug|Any CPU
		Release|Any CPU = Release|Any CPU
	EndGlobalSection
	GlobalSection(ProjectConfigurationPlatforms) = postSolution
		{BBECC11C-73BF-4104-A8D8-B5564464711F}.Debug|Any CPU.ActiveCfg = Debug|Any CPU
		{BBECC11C-73BF-4104-A8D8-B5564464711F}.Debug|Any CPU.Build.0 = Debug|Any CPU
		{BBECC11C-73BF-4104-A8D8-B5564464711F}.Release|Any CPU.ActiveCfg = Release|Any CPU
		{BBECC11C-73BF-4104-A8D8-B5564464711F}.Release|Any CPU.Build.0 = Release|Any CPU
		{09E8EF50-3C8B-40B1-A739-A092BD0EEB1A}.Debug|Any CPU.ActiveCfg = Debug|Any CPU
		{09E8EF50-3C8B-40B1-A739-A092BD0EEB1A}.Debug|Any CPU.Build.0 = Debug|Any CPU
		{09E8EF50-3C8B-40B1-A739-A092BD0EEB1A}.Release|Any CPU.ActiveCfg = Release|Any CPU
		{09E8EF50-3C8B-40B1-A739-A092BD0EEB1A}.Release|Any CPU.Build.0 = Release|Any CPU
	EndGlobalSection
	GlobalSection(SolutionProperties) = preSolution
		HideSolutionNode = FALSE
	EndGlobalSection
EndGlobal
